
Microsoft Visual Studio Solution File, Format Version 12.00
# Visual Studio 15
VisualStudioVersion = 15.0.28307.421
MinimumVisualStudioVersion = 10.0.40219.1
Project("{FAE04EC0-301F-11D3-BF4B-00C04F79EFBC}") = "cSharpDemo", "cSharpDemo.csproj", "{D00A12B2-15C8-46D6-9DB0-8DD30E606EFC}"
EndProject
Global
	GlobalSection(SolutionConfigurationPlatforms) = preSolution
		Debug|Any CPU = Debug|Any CPU
		Release|Any CPU = Release|Any CPU
	EndGlobalSection
	GlobalSection(ProjectConfigurationPlatforms) = postSolution
		{D00A12B2-15C8-46D6-9DB0-8DD30E606EFC}.Debug|Any CPU.ActiveCfg = Debug|Any CPU
		{D00A12B2-15C8-46D6-9DB0-8DD30E606EFC}.Debug|Any CPU.Build.0 = Debug|Any CPU
		{D00A12B2-15C8-46D6-9DB0-8DD30E606EFC}.Release|Any CPU.ActiveCfg = Release|Any CPU
		{D00A12B2-15C8-46D6-9DB0-8DD30E606EFC}.Release|Any CPU.Build.0 = Release|Any CPU
	EndGlobalSection
	GlobalSection(SolutionProperties) = preSolution
		HideSolutionNode = FALSE
	EndGlobalSection
	GlobalSection(ExtensibilityGlobals) = postSolution
		SolutionGuid = {2FF94417-47B5-43D0-8899-11CD706CB9D4}
	EndGlobalSection
EndGlobal
